
Microsoft Visual Studio Solution File, Format Version 12.00
# Visual Studio Version 16
VisualStudioVersion = 25.0.1705.4
MinimumVisualStudioVersion = 10.0.40219.1
Project("{FAE04EC0-301F-11D3-BF4B-00C04F79EFBC}") = "BugTracker", "BugTracker.csproj", "{9B94A06A-1B00-40FC-93F4-34BC6AE13A55}"
EndProject
Global
	GlobalSection(SolutionConfigurationPlatforms) = preSolution
		Debug|Any CPU = Debug|Any CPU
		Release|Any CPU = Release|Any CPU
	EndGlobalSection
	GlobalSection(ProjectConfigurationPlatforms) = postSolution
		{9B94A06A-1B00-40FC-93F4-34BC6AE13A55}.Debug|Any CPU.ActiveCfg = Debug|Any CPU
		{9B94A06A-1B00-40FC-93F4-34BC6AE13A55}.Debug|Any CPU.Build.0 = Debug|Any CPU
		{9B94A06A-1B00-40FC-93F4-34BC6AE13A55}.Release|Any CPU.ActiveCfg = Release|Any CPU
		{9B94A06A-1B00-40FC-93F4-34BC6AE13A55}.Release|Any CPU.Build.0 = Release|Any CPU
	EndGlobalSection
	GlobalSection(SolutionProperties) = preSolution
		HideSolutionNode = FALSE
	EndGlobalSection
	GlobalSection(ExtensibilityGlobals) = postSolution
		SolutionGuid = {3FAEC2B1-BB0B-4C54-AB04-ACA3C66ECE13}
	EndGlobalSection
EndGlobal
